
Microsoft Visual Studio Solution File, Format Version 12.00
# Visual Studio 2012
Project("{FAE04EC0-301F-11D3-BF4B-00C04F79EFBC}") = "Brighter.CircuitBreaker", "Brighter.CircuitBreaker.csproj", "{0BFCA25F-EC54-4E69-967D-B2C4AE89984B}"
EndProject
Global
	GlobalSection(SolutionConfigurationPlatforms) = preSolution
		Debug|Any CPU = Debug|Any CPU
		Release|Any CPU = Release|Any CPU
	EndGlobalSection
	GlobalSection(ProjectConfigurationPlatforms) = postSolution
		{0BFCA25F-EC54-4E69-967D-B2C4AE89984B}.Debug|Any CPU.ActiveCfg = Debug|Any CPU
		{0BFCA25F-EC54-4E69-967D-B2C4AE89984B}.Debug|Any CPU.Build.0 = Debug|Any CPU
		{0BFCA25F-EC54-4E69-967D-B2C4AE89984B}.Release|Any CPU.ActiveCfg = Release|Any CPU
		{0BFCA25F-EC54-4E69-967D-B2C4AE89984B}.Release|Any CPU.Build.0 = Release|Any CPU
	EndGlobalSection
	GlobalSection(SolutionProperties) = preSolution
		HideSolutionNode = FALSE
	EndGlobalSection
EndGlobal
